{
  "name": "tekcapsule-web",
  "version": "0.0.0",
  "lockfileVersion": 1,
  "requires": true,
  "dependencies": {
    "@angular-devkit/architect": {
      "version": "0.1102.19",
      "resolved": "https://registry.npmjs.org/@angular-devkit/architect/-/architect-0.1102.19.tgz",
      "integrity": "sha512-5Opv6H+XyCkuQvQ1jsxw416YqMDPX3dVonMarFGBPLBe8YEXLRTJ60dvmuLsLpWk6ccTd3XiNT7WEJy4ctDc2Q==",
      "dev": true,
      "requires": {
        "@angular-devkit/core": "11.2.19",
        "rxjs": "6.6.3"
      },
      "dependencies": {
        "rxjs": {
          "version": "6.6.3",
          "resolved": "https://registry.npmjs.org/rxjs/-/rxjs-6.6.3.tgz",
          "integrity": "sha512-trsQc+xYYXZ3urjOiJOuCOa5N3jAZ3eiSpQB5hIT8zGlL2QfnHLJ2r7GMkBGuIausdJN1OneaI6gQlsqNHHmZQ==",
          "dev": true,
          "requires": {
            "tslib": "^1.9.0"
          }
        },
        "tslib": {
          "version": "1.14.1",
          "resolved": "https://registry.npmjs.org/tslib/-/tslib-1.14.1.tgz",
          "integrity": "sha512-Xni35NKzjgMrwevysHTCArtLDpPvye8zV/0E4EyYn43P7/7qvQwPh9BGkHewbMulVntbigmcT7rdX3BNo9wRJg==",
          "dev": true
        }
      }
    },
    "@angular-devkit/build-angular": {
      "version": "0.1102.19",
      "resolved": "https://registry.npmjs.org/@angular-devkit/build-angular/-/build-angular-0.1102.19.tgz",
      "integrity": "sha512-frI8UyujPB5WV7l9uecH8Ev73TWTV7xEHrwYIKryD/mVmqeg64ILi4/ATPHm1qGFjAH27WWHtzL2vnik5wBlNg==",
      "dev": true,
      "requires": {
        "@angular-devkit/architect": "0.1102.19",
        "@angular-devkit/build-optimizer": "0.1102.19",
        "@angular-devkit/build-webpack": "0.1102.19",
        "@angular-devkit/core": "11.2.19",
        "@babel/core": "7.12.10",
        "@babel/generator": "7.12.11",
        "@babel/plugin-transform-async-to-generator": "7.12.1",
        "@babel/plugin-transform-runtime": "7.12.10",
        "@babel/preset-env": "7.12.11",
        "@babel/runtime": "7.12.5",
        "@babel/template": "7.12.7",
        "@discoveryjs/json-ext": "0.5.2",
        "@jsdevtools/coverage-istanbul-loader": "3.0.5",
        "@ngtools/webpack": "11.2.19",
        "ansi-colors": "4.1.1",
        "autoprefixer": "10.2.4",
        "babel-loader": "8.2.2",
        "browserslist": "^4.9.1",
        "cacache": "15.0.5",
        "caniuse-lite": "^1.0.30001032",
        "circular-dependency-plugin": "5.2.2",
        "copy-webpack-plugin": "6.3.2",
        "core-js": "3.8.3",
        "critters": "0.0.12",
        "css-loader": "5.0.1",
        "cssnano": "5.0.2",
        "file-loader": "6.2.0",
        "find-cache-dir": "3.3.1",
        "glob": "7.1.6",
        "https-proxy-agent": "5.0.0",
        "inquirer": "7.3.3",
        "jest-worker": "26.6.2",
        "karma-source-map-support": "1.4.0",
        "less": "4.1.1",
        "less-loader": "7.3.0",
        "license-webpack-plugin": "2.3.11",
        "loader-utils": "2.0.0",
        "mini-css-extract-plugin": "1.3.5",
        "minimatch": "3.0.4",
        "open": "7.4.0",
        "ora": "5.3.0",
        "parse5-html-rewriting-stream": "6.0.1",
        "pnp-webpack-plugin": "1.6.4",
        "postcss": "8.2.15",
        "postcss-import": "14.0.0",
        "postcss-loader": "4.2.0",
        "raw-loader": "4.0.2",
        "regenerator-runtime": "0.13.7",
        "resolve-url-loader": "4.0.0",
        "rimraf": "3.0.2",
        "rollup": "2.38.4",
        "rxjs": "6.6.3",
        "sass": "1.32.6",
        "sass-loader": "10.1.1",
        "semver": "7.3.4",
        "source-map": "0.7.3",
        "source-map-loader": "1.1.3",
        "source-map-support": "0.5.19",
        "speed-measure-webpack-plugin": "1.4.2",
        "style-loader": "2.0.0",
        "stylus": "0.54.8",
        "stylus-loader": "4.3.3",
        "terser": "5.5.1",
        "terser-webpack-plugin": "4.2.3",
        "text-table": "0.2.0",
        "tree-kill": "1.2.2",
        "webpack": "4.44.2",
        "webpack-dev-middleware": "3.7.2",
        "webpack-dev-server": "3.11.3",
        "webpack-merge": "5.7.3",
        "webpack-sources": "2.2.0",
        "webpack-subresource-integrity": "1.5.2",
        "worker-plugin": "5.0.0"
      },
      "dependencies": {
        "rxjs": {
          "version": "6.6.3",
          "resolved": "https://registry.npmjs.org/rxjs/-/rxjs-6.6.3.tgz",
          "integrity": "sha512-trsQc+xYYXZ3urjOiJOuCOa5N3jAZ3eiSpQB5hIT8zGlL2QfnHLJ2r7GMkBGuIausdJN1OneaI6gQlsqNHHmZQ==",
          "dev": true,
          "requires": {
            "tslib": "^1.9.0"
          }
        },
        "tslib": {
          "version": "1.14.1",
          "resolved": "https://registry.npmjs.org/tslib/-/tslib-1.14.1.tgz",
          "integrity": "sha512-Xni35NKzjgMrwevysHTCArtLDpPvye8zV/0E4EyYn43P7/7qvQwPh9BGkHewbMulVntbigmcT7rdX3BNo9wRJg==",
          "dev": true
        }
      }
    },
    "@angular-devkit/build-optimizer": {
      "version": "0.1102.19",
      "resolved": "https://registry.npmjs.org/@angular-devkit/build-optimizer/-/build-optimizer-0.1102.19.tgz",
      "integrity": "sha512-3665mNFwOCqD2HR6Kjrwqh+Jh72h3F7AB88p/oWBvH0GolFCz8JnbwUZJkzTtOsKUw5ZC1Z6b/nbUkCJemxFug==",
      "dev": true,
      "requires": {
        "loader-utils": "2.0.0",
        "source-map": "0.7.3",
        "tslib": "2.1.0",
        "typescript": "4.1.5",
        "webpack-sources": "2.2.0"
      },
      "dependencies": {
        "tslib": {
          "version": "2.1.0",
          "resolved": "https://registry.npmjs.org/tslib/-/tslib-2.1.0.tgz",
          "integrity": "sha512-hcVC3wYEziELGGmEEXue7D75zbwIIVUMWAVbHItGPx0ziyXxrOMQx4rQEVEV45Ut/1IotuEvwqPopzIOkDMf0A==",
          "dev": true
        },
        "typescript": {
          "version": "4.1.5",
          "resolved": "https://registry.npmjs.org/typescript/-/typescript-4.1.5.tgz",
          "integrity": "sha512-6OSu9PTIzmn9TCDiovULTnET6BgXtDYL4Gg4szY+cGsc3JP1dQL8qvE8kShTRx1NIw4Q9IBHlwODjkjWEtMUyA==",
          "dev": true
        }
      }
    },
    "@angular-devkit/build-webpack": {
      "version": "0.1102.19",
      "resolved": "https://registry.npmjs.org/@angular-devkit/build-webpack/-/build-webpack-0.1102.19.tgz",
      "integrity": "sha512-IhN/eeaA2bA1daLTU7YDztxvaS9Hj2J2t889fBYn5xNnM3Z2QqwyncOoj0F0Cumx6tuFtwRSvaKm7+xbbCoJQA==",
      "dev": true,
      "requires": {
        "@angular-devkit/architect": "0.1102.19",
        "@angular-devkit/core": "11.2.19",
        "rxjs": "6.6.3"
      },
      "dependencies": {
        "rxjs": {
          "version": "6.6.3",
          "resolved": "https://registry.npmjs.org/rxjs/-/rxjs-6.6.3.tgz",
          "integrity": "sha512-trsQc+xYYXZ3urjOiJOuCOa5N3jAZ3eiSpQB5hIT8zGlL2QfnHLJ2r7GMkBGuIausdJN1OneaI6gQlsqNHHmZQ==",
          "dev": true,
          "requires": {
            "tslib": "^1.9.0"
          }
        },
        "tslib": {
          "version": "1.14.1",
          "resolved": "https://registry.npmjs.org/tslib/-/tslib-1.14.1.tgz",
          "integrity": "sha512-Xni35NKzjgMrwevysHTCArtLDpPvye8zV/0E4EyYn43P7/7qvQwPh9BGkHewbMulVntbigmcT7rdX3BNo9wRJg==",
          "dev": true
        }
      }
    },
    "@angular-devkit/core": {
      "version": "11.2.19",
      "resolved": "https://registry.npmjs.org/@angular-devkit/core/-/core-11.2.19.tgz",
      "integrity": "sha512-kvS0QXDYDatLyf0NYv2sahPYD7kya4g5GpQAV1ddjjLmEVeZssHt+Xfk2tzrkzYzqRMiyspx3HPPrrOnMUAFhQ==",
      "dev": true,
      "requires": {
        "ajv": "6.12.6",
        "fast-json-stable-stringify": "2.1.0",
        "magic-string": "0.25.7",
        "rxjs": "6.6.3",
        "source-map": "0.7.3"
      },
      "dependencies": {
        "rxjs": {
          "version": "6.6.3",
          "resolved": "https://registry.npmjs.org/rxjs/-/rxjs-6.6.3.tgz",
          "integrity": "sha512-trsQc+xYYXZ3urjOiJOuCOa5N3jAZ3eiSpQB5hIT8zGlL2QfnHLJ2r7GMkBGuIausdJN1OneaI6gQlsqNHHmZQ==",
          "dev": true,
          "requires": {
            "tslib": "^1.9.0"
          }
        },
        "tslib": {
          "version": "1.14.1",
          "resolved": "https://registry.npmjs.org/tslib/-/tslib-1.14.1.tgz",
          "integrity": "sha512-Xni35NKzjgMrwevysHTCArtLDpPvye8zV/0E4EyYn43P7/7qvQwPh9BGkHewbMulVntbigmcT7rdX3BNo9wRJg==",
          "dev": true
        }
      }
    },
    "@angular-devkit/schematics": {
      "version": "11.2.19",
      "resolved": "https://registry.npmjs.org/@angular-devkit/schematics/-/schematics-11.2.19.tgz",
      "integrity": "sha512-jefsjIlaznKxn5+dHSMwvXTO+QKCKtahu/iZoRcdb25JWGXrkj8/quCuj4VeMFY48g/EPjX+9WhDtRl8TjYBiA==",
      "dev": true,
      "requires": {
        "@angular-devkit/core": "11.2.19",
        "ora": "5.3.0",
        "rxjs": "6.6.3"
      },
      "dependencies": {
        "rxjs": {
          "version": "6.6.3",
          "resolved": "https://registry.npmjs.org/rxjs/-/rxjs-6.6.3.tgz",
          "integrity": "sha512-trsQc+xYYXZ3urjOiJOuCOa5N3jAZ3eiSpQB5hIT8zGlL2QfnHLJ2r7GMkBGuIausdJN1OneaI6gQlsqNHHmZQ==",
          "dev": true,
          "requires": {
            "tslib": "^1.9.0"
          }
        },
        "tslib": {
          "version": "1.14.1",
          "resolved": "https://registry.npmjs.org/tslib/-/tslib-1.14.1.tgz",
          "integrity": "sha512-Xni35NKzjgMrwevysHTCArtLDpPvye8zV/0E4EyYn43P7/7qvQwPh9BGkHewbMulVntbigmcT7rdX3BNo9wRJg==",
          "dev": true
        }
      }
    },
    "@angular/animations": {
      "version": "11.2.14",