# THIS IS AN AUTOGENERATED FILE. DO NOT EDIT THIS FILE DIRECTLY.
# yarn lockfile v1


"@ampproject/remapping@^2.1.0":
  version "2.2.0"
  resolved "https://registry.yarnpkg.com/@ampproject/remapping/-/remapping-2.2.0.tgz#56c133824780de3174aed5ab6834f3026790154d"
  integrity sha512-qRmjj8nj9qmLTQXXmaR1cck3UXSRMPrbsLJAasZpF+t3riI71BXed5ebIOYwQntykeZuhjsdweEc9BxH5Jc26w==
  dependencies:
    "@jridgewell/gen-mapping" "^0.1.0"
    "@jridgewell/trace-mapping" "^0.3.9"

"@angular-devkit/architect@0.1102.19":
  version "0.1102.19"
  resolved "https://registry.yarnpkg.com/@angular-devkit/architect/-/architect-0.1102.19.tgz#3dd1a1d5ecbf539e5d4734e56343bf605455ff85"
  integrity sha512-5Opv6H+XyCkuQvQ1jsxw416YqMDPX3dVonMarFGBPLBe8YEXLRTJ60dvmuLsLpWk6ccTd3XiNT7WEJy4ctDc2Q==
  dependencies:
    "@angular-devkit/core" "11.2.19"
    rxjs "6.6.3"

"@angular-devkit/build-angular@~0.1102.8":
  version "0.1102.19"
  resolved "https://registry.yarnpkg.com/@angular-devkit/build-angular/-/build-angular-0.1102.19.tgz#db1b3beaf48613c847bca97655e95d0e1410c1b7"
  integrity sha512-frI8UyujPB5WV7l9uecH8Ev73TWTV7xEHrwYIKryD/mVmqeg64ILi4/ATPHm1qGFjAH27WWHtzL2vnik5wBlNg==
  dependencies:
    "@angular-devkit/architect" "0.1102.19"
    "@angular-devkit/build-optimizer" "0.1102.19"
    "@angular-devkit/build-webpack" "0.1102.19"
    "@angular-devkit/core" "11.2.19"
    "@babel/core" "7.12.10"
    "@babel/generator" "7.12.11"
    "@babel/plugin-transform-async-to-generator" "7.12.1"
    "@babel/plugin-transform-runtime" "7.12.10"
    "@babel/preset-env" "7.12.11"
    "@babel/runtime" "7.12.5"
    "@babel/template" "7.12.7"
    "@discoveryjs/json-ext" "0.5.2"
    "@jsdevtools/coverage-istanbul-loader" "3.0.5"
    "@ngtools/webpack" "11.2.19"
    ansi-colors "4.1.1"
    autoprefixer "10.2.4"
    babel-loader "8.2.2"
    browserslist "^4.9.1"
    cacache "15.0.5"
    caniuse-lite "^1.0.30001032"
    circular-dependency-plugin "5.2.2"
    copy-webpack-plugin "6.3.2"
    core-js "3.8.3"
    critters "0.0.12"
    css-loader "5.0.1"
    cssnano "5.0.2"
    file-loader "6.2.0"
    find-cache-dir "3.3.1"
    glob "7.1.6"
    https-proxy-agent "5.0.0"
    inquirer "7.3.3"
    jest-worker "26.6.2"
    karma-source-map-support "1.4.0"
    less "4.1.1"
    less-loader "7.3.0"
    license-webpack-plugin "2.3.11"
    loader-utils "2.0.0"
    mini-css-extract-plugin "1.3.5"
    minimatch "3.0.4"
    open "7.4.0"
    ora "5.3.0"
    parse5-html-rewriting-stream "6.0.1"
    pnp-webpack-plugin "1.6.4"
    postcss "8.2.15"
    postcss-import "14.0.0"
    postcss-loader "4.2.0"
    raw-loader "4.0.2"
    regenerator-runtime "0.13.7"
    resolve-url-loader "4.0.0"
    rimraf "3.0.2"
    rollup "2.38.4"
    rxjs "6.6.3"
    sass "1.32.6"
    sass-loader "10.1.1"
    semver "7.3.4"
    source-map "0.7.3"
    source-map-loader "1.1.3"
    source-map-support "0.5.19"
    speed-measure-webpack-plugin "1.4.2"
    style-loader "2.0.0"
    stylus "0.54.8"
    stylus-loader "4.3.3"
    terser "5.5.1"
    terser-webpack-plugin "4.2.3"
    text-table "0.2.0"
    tree-kill "1.2.2"
    webpack "4.44.2"
    webpack-dev-middleware "3.7.2"
    webpack-dev-server "3.11.3"
    webpack-merge "5.7.3"
    webpack-sources "2.2.0"
    webpack-subresource-integrity "1.5.2"
    worker-plugin "5.0.0"

"@angular-devkit/build-optimizer@0.1102.19":
  version "0.1102.19"
  resolved "https://registry.yarnpkg.com/@angular-devkit/build-optimizer/-/build-optimizer-0.1102.19.tgz#9415065d088229437163bcb6b92888b40f4c75f8"
  integrity sha512-3665mNFwOCqD2HR6Kjrwqh+Jh72h3F7AB88p/oWBvH0GolFCz8JnbwUZJkzTtOsKUw5ZC1Z6b/nbUkCJemxFug==
  dependencies:
    loader-utils "2.0.0"
    source-map "0.7.3"
    tslib "2.1.0"
    typescript "4.1.5"
    webpack-sources "2.2.0"

"@angular-devkit/build-webpack@0.1102.19":
  version "0.1102.19"
  resolved "https://registry.yarnpkg.com/@angular-devkit/build-webpack/-/build-webpack-0.1102.19.tgz#fe34edaaaa54694c9c398d3b8511ba99985491d4"
  integrity sha512-IhN/eeaA2bA1daLTU7YDztxvaS9Hj2J2t889fBYn5xNnM3Z2QqwyncOoj0F0Cumx6tuFtwRSvaKm7+xbbCoJQA==
  dependencies:
    "@angular-devkit/architect" "0.1102.19"
    "@angular-devkit/core" "11.2.19"
    rxjs "6.6.3"

"@angular-devkit/core@11.2.19":
  version "11.2.19"
  resolved "https://registry.yarnpkg.com/@angular-devkit/core/-/core-11.2.19.tgz#f827e205c5bd8a3a7cfb02b5651affef7b1e8f52"
  integrity sha512-kvS0QXDYDatLyf0NYv2sahPYD7kya4g5GpQAV1ddjjLmEVeZssHt+Xfk2tzrkzYzqRMiyspx3HPPrrOnMUAFhQ==
  dependencies:
    ajv "6.12.6"
    fast-json-stable-stringify "2.1.0"
    magic-string "0.25.7"
    rxjs "6.6.3"
    source-map "0.7.3"

"@angular-devkit/schematics@11.2.19":
  version "11.2.19"
  resolved "https://registry.yarnpkg.com/@angular-devkit/schematics/-/schematics-11.2.19.tgz#5624d23aeba0ec8326d2150f9791291897f6b488"
  integrity sha512-jefsjIlaznKxn5+dHSMwvXTO+QKCKtahu/iZoRcdb25JWGXrkj8/quCuj4VeMFY48g/EPjX+9WhDtRl8TjYBiA==
  dependencies:
    "@angular-devkit/core" "11.2.19"
    ora "5.3.0"
    rxjs "6.6.3"

"@angular/animations@~11.2.9":
  version "11.2.14"
  resolved "https://registry.yarnpkg.com/@angular/animations/-/animations-11.2.14.tgz#cf119ea779bf11bd3759f1355c85e4e8e9e7bb03"
  integrity sha512-Heq/nNrCmb3jbkusu+BQszOecfFI/31Oxxj+CDQkqqYpBcswk6bOJLoEE472o+vmgxaXbgeflU9qbIiCQhpMFA==
  dependencies:
    tslib "^2.0.0"

"@angular/cdk@^11.2.13":
  version "11.2.13"
  resolved "https://registry.yarnpkg.com/@angular/cdk/-/cdk-11.2.13.tgz#d54c9187e3b8cf3f8ba190b1edddc08ed2b740de"
  integrity sha512-FkE4iCwoLbQxLDUOjV1I7M/6hmpyb7erAjEdWgch7nGRNxF1hqX5Bqf1lvLFKPNCbx5NRI5K7YVAdIUQUR8vug==
  dependencies:
    tslib "^2.0.0"
  optionalDependencies:
    parse5 "^5.0.0"

"@angular/cli@~11.2.8":
  version "11.2.19"
  resolved "https://registry.yarnpkg.com/@angular/cli/-/cli-11.2.19.tgz#b170e3007b9c014ff405ecb7a86b18adc6e74cc4"
  integrity sha512-B7ZRmcleBF/D6ojt+LOfHE/2Cs3jpHWK/Khho0c2i1jrqLjCTFlgGfK0NKztbFr0lmbhL6Z7Oj4ge3X6dMcSuQ==
  dependencies:
    "@angular-devkit/architect" "0.1102.19"
    "@angular-devkit/core" "11.2.19"
    "@angular-devkit/schematics" "11.2.19"
    "@schematics/angular" "11.2.19"
    "@schematics/update" "0.1102.19"
    "@yarnpkg/lockfile" "1.1.0"
    ansi-colors "4.1.1"
    debug "4.3.1"
    ini "2.0.0"
    inquirer "7.3.3"
    jsonc-parser "3.0.0"
    npm-package-arg "8.1.0"
    npm-pick-manifest "6.1.0"
    open "7.4.0"
    ora "5.3.0"
    pacote "11.2.4"
    resolve "1.19.0"
    rimraf "3.0.2"
    semver "7.3.4"
    symbol-observable "3.0.0"
    universal-analytics "0.4.23"
    uuid "8.3.2"

"@angular/common@~11.2.9":
  version "11.2.14"
  resolved "https://registry.yarnpkg.com/@angular/common/-/common-11.2.14.tgz#52887277b0ae0438e584f9ae97b417ee51a694b5"
  integrity sha512-ZSLV/3j7eCTyLf/8g4yBFLWySjiLz3vLJAGWscYoUpnJWMnug1VRu6zoF/COxCbtORgE+Wz6K0uhfS6MziBGVw==
  dependencies:
    tslib "^2.0.0"

"@angular/compiler-cli@~11.2.9":
  version "11.2.14"
  resolved "https://registry.yarnpkg.com/@angular/compiler-cli/-/compiler-cli-11.2.14.tgz#fdd22aeec25aa2477595bed631d19e977254ecc5"
  integrity sha512-A7ltnCp03/EVqK/Q3tVUDsokgz5GHW3dSPGl0Csk7Ys5uBB9ibHTmVt4eiXA4jt0+6Bk+mKxwe5BEDqLvwYFAg==
  dependencies:
    "@babel/core" "^7.8.6"
    "@babel/types" "^7.8.6"
    canonical-path "1.0.0"
    chokidar "^3.0.0"
    convert-source-map "^1.5.1"
    dependency-graph "^0.7.2"
    fs-extra "4.0.2"
    magic-string "^0.25.0"
    minimist "^1.2.0"
    reflect-metadata "^0.1.2"
    semver "^6.3.0"
    source-map "^0.6.1"
    sourcemap-codec "^1.4.8"
    tslib "^2.0.0"
    yargs "^16.2.0"

"@angular/compiler@9.0.0":
  version "9.0.0"
  resolved "https://registry.yarnpkg.com/@angular/compiler/-/compiler-9.0.0.tgz#87e0bef4c369b6cadae07e3a4295778fc93799d5"
  integrity sha512-ctjwuntPfZZT2mNj2NDIVu51t9cvbhl/16epc5xEwyzyDt76pX9UgwvY+MbXrf/C/FWwdtmNtfP698BKI+9leQ==

"@angular/compiler@~11.2.9":
  version "11.2.14"
  resolved "https://registry.yarnpkg.com/@angular/compiler/-/compiler-11.2.14.tgz#9d3ea26b4d2d858aab935f69af9e201f53453a0f"
  integrity sha512-XBOK3HgA+/y6Cz7kOX4zcJYmgJ264XnfcbXUMU2cD7Ac+mbNhLPKohWrEiSWalfcjnpf5gRfufQrQP7lpAGu0A==
  dependencies:
    tslib "^2.0.0"

"@angular/core@9.0.0":
  version "9.0.0"
  resolved "https://registry.yarnpkg.com/@angular/core/-/core-9.0.0.tgz#227dc53e1ac81824f998c6e76000b7efc522641e"
  integrity sha512-6Pxgsrf0qF9iFFqmIcWmjJGkkCaCm6V5QNnxMy2KloO3SDq6QuMVRbN9RtC8Urmo25LP+eZ6ZgYqFYpdD8Hd9w==

"@angular/core@~11.2.9":
  version "11.2.14"
  resolved "https://registry.yarnpkg.com/@angular/core/-/core-11.2.14.tgz#3ebe298c79d5413dc670d56b7f503bd4d788d4a8"
  integrity sha512-vpR4XqBGitk1Faph37CSpemwIYTmJ3pdIVNoHKP6jLonpWu+0azkchf0f7oD8/2ivj2F81opcIw0tcsy/D/5Vg==
  dependencies:
    tslib "^2.0.0"

"@angular/forms@~11.2.9":
  version "11.2.14"
  resolved "https://registry.yarnpkg.com/@angular/forms/-/forms-11.2.14.tgz#dc858408f7647f4fd033996a03aa74df18a02079"
  integrity sha512-4LWqY6KEIk1AZQFnk+4PJSOCamlD4tumuVN06gO4D0dZo9Cx+GcvW6pM6N0CPubRvPs3sScCnu20WT11HNWC1w==
  dependencies:
    tslib "^2.0.0"

"@angular/material@^11.2.13":
  version "11.2.13"
  resolved "https://registry.yarnpkg.com/@angular/material/-/material-11.2.13.tgz#99960316d3ce58aac7497d7bb8b0c05468f502b9"
  integrity sha512-FqFdGSkOtqsmeLyTSousodDGUy2NqbtxCIKv2rwbsIRwHNKB0KpR/UQhA2gMRuGa5hxhMJ0DW0Tf9neMRuLCTg==